
Microsoft Visual Studio Solution File, Format Version 12.00
# Visual Studio Version 17
VisualStudioVersion = 17.5.2.0
MinimumVisualStudioVersion = 10.0.40219.1
Project("{FAE04EC0-301F-11D3-BF4B-00C04F79EFBC}") = "SmsApi", "SmsApi.csproj", "{319AE0FA-0475-E6D6-CC5C-3D076DB33E58}"
EndProject
Project("{FAE04EC0-301F-11D3-BF4B-00C04F79EFBC}") = "SmsApi.Tests", "SmsApi.Tests\SmsApi.Tests.csproj", "{0C9202FC-6572-4A75-B891-CB2EC0834C69}"
EndProject
Project("{FAE04EC0-301F-11D3-BF4B-00C04F79EFBC}") = "SmsApi.IntegrationTests", "SmsApi.IntegrationTests\SmsApi.IntegrationTests.csproj", "{A1B2C3D4-E5F6-7890-ABCD-EF1234567890}"
EndProject
Global
	GlobalSection(SolutionConfigurationPlatforms) = preSolution
		Debug|Any CPU = Debug|Any CPU
		Debug|x64 = Debug|x64
		Debug|x86 = Debug|x86
		Release|Any CPU = Release|Any CPU
		Release|x64 = Release|x64
		Release|x86 = Release|x86
	EndGlobalSection
	GlobalSection(ProjectConfigurationPlatforms) = postSolution
		{319AE0FA-0475-E6D6-CC5C-3D076DB33E58}.Debug|Any CPU.ActiveCfg = Debug|Any CPU
		{319AE0FA-0475-E6D6-CC5C-3D076DB33E58}.Debug|Any CPU.Build.0 = Debug|Any CPU
		{319AE0FA-0475-E6D6-CC5C-3D076DB33E58}.Debug|x64.ActiveCfg = Debug|Any CPU
		{319AE0FA-0475-E6D6-CC5C-3D076DB33E58}.Debug|x64.Build.0 = Debug|Any CPU
		{319AE0FA-0475-E6D6-CC5C-3D076DB33E58}.Debug|x86.ActiveCfg = Debug|Any CPU
		{319AE0FA-0475-E6D6-CC5C-3D076DB33E58}.Debug|x86.Build.0 = Debug|Any CPU
		{319AE0FA-0475-E6D6-CC5C-3D076DB33E58}.Release|Any CPU.ActiveCfg = Release|Any CPU
		{319AE0FA-0475-E6D6-CC5C-3D076DB33E58}.Release|Any CPU.Build.0 = Release|Any CPU
		{319AE0FA-0475-E6D6-CC5C-3D076DB33E58}.Release|x64.ActiveCfg = Release|Any CPU
		{319AE0FA-0475-E6D6-CC5C-3D076DB33E58}.Release|x64.Build.0 = Release|Any CPU
		{319AE0FA-0475-E6D6-CC5C-3D076DB33E58}.Release|x86.ActiveCfg = Release|Any CPU
		{319AE0FA-0475-E6D6-CC5C-3D076DB33E58}.Release|x86.Build.0 = Release|Any CPU
		{0C9202FC-6572-4A75-B891-CB2EC0834C69}.Debug|Any CPU.ActiveCfg = Debug|Any CPU
		{0C9202FC-6572-4A75-B891-CB2EC0834C69}.Debug|Any CPU.Build.0 = Debug|Any CPU
		{0C9202FC-6572-4A75-B891-CB2EC0834C69}.Debug|x64.ActiveCfg = Debug|Any CPU
		{0C9202FC-6572-4A75-B891-CB2EC0834C69}.Debug|x64.Build.0 = Debug|Any CPU
		{0C9202FC-6572-4A75-B891-CB2EC0834C69}.Debug|x86.ActiveCfg = Debug|Any CPU
		{0C9202FC-6572-4A75-B891-CB2EC0834C69}.Debug|x86.Build.0 = Debug|Any CPU
		{0C9202FC-6572-4A75-B891-CB2EC0834C69}.Release|Any CPU.ActiveCfg = Release|Any CPU
		{0C9202FC-6572-4A75-B891-CB2EC0834C69}.Release|Any CPU.Build.0 = Release|Any CPU
		{0C9202FC-6572-4A75-B891-CB2EC0834C69}.Release|x64.ActiveCfg = Release|Any CPU
		{0C9202FC-6572-4A75-B891-CB2EC0834C69}.Release|x64.Build.0 = Release|Any CPU
		{0C9202FC-6572-4A75-B891-CB2EC0834C69}.Release|x86.ActiveCfg = Release|Any CPU
		{0C9202FC-6572-4A75-B891-CB2EC0834C69}.Release|x86.Build.0 = Release|Any CPU
		{A1B2C3D4-E5F6-7890-ABCD-EF1234567890}.Debug|Any CPU.ActiveCfg = Debug|Any CPU
		{A1B2C3D4-E5F6-7890-ABCD-EF1234567890}.Debug|Any CPU.Build.0 = Debug|Any CPU
		{A1B2C3D4-E5F6-7890-ABCD-EF1234567890}.Debug|x64.ActiveCfg = Debug|Any CPU
		{A1B2C3D4-E5F6-7890-ABCD-EF1234567890}.Debug|x64.Build.0 = Debug|Any CPU
		{A1B2C3D4-E5F6-7890-ABCD-EF1234567890}.Debug|x86.ActiveCfg = Debug|Any CPU
		{A1B2C3D4-E5F6-7890-ABCD-EF1234567890}.Debug|x86.Build.0 = Debug|Any CPU
		{A1B2C3D4-E5F6-7890-ABCD-EF1234567890}.Release|Any CPU.ActiveCfg = Release|Any CPU
		{A1B2C3D4-E5F6-7890-ABCD-EF1234567890}.Release|Any CPU.Build.0 = Release|Any CPU
		{A1B2C3D4-E5F6-7890-ABCD-EF1234567890}.Release|x64.ActiveCfg = Release|Any CPU
		{A1B2C3D4-E5F6-7890-ABCD-EF1234567890}.Release|x64.Build.0 = Release|Any CPU
		{A1B2C3D4-E5F6-7890-ABCD-EF1234567890}.Release|x86.ActiveCfg = Release|Any CPU
		{A1B2C3D4-E5F6-7890-ABCD-EF1234567890}.Release|x86.Build.0 = Release|Any CPU
	EndGlobalSection
	GlobalSection(SolutionProperties) = preSolution
		HideSolutionNode = FALSE
	EndGlobalSection
	GlobalSection(ExtensibilityGlobals) = postSolution
		SolutionGuid = {AD297D27-EA29-42BD-A3DA-9C51A484D97F}
	EndGlobalSection
EndGlobal
